{
  "name": "gipi",
  "lockfileVersion": 3,
  "requires": true,
  "packages": {
    "": {
      "dependencies": {
        "volta": "^0.0.0"
      }
    },
    "node_modules/volta": {
      "version": "0.0.0",
      "resolved": "https://registry.npmjs.org/volta/-/volta-0.0.0.tgz",
      "integrity": "sha512-AFz3a7c7Ae3w5neg7SjTcdM690ev392liJPMeYzcgu3t75zq4WGSg52wi79f2PoqkO2heJDQx7SYAFibYUvC4g=="
    }
  }
}
